
Microsoft Visual Studio Solution File, Format Version 12.00
# Visual Studio 15
VisualStudioVersion = 15.0.28307.136
MinimumVisualStudioVersion = 10.0.40219.1
Project("{8BC9CEB8-8B4A-11D0-8D11-00A0C91BC942}") = "Sandbox", "Sandbox\Sandbox.vcxproj", "{02082E53-7F2A-4824-A5BD-EB8C1748B2BA}"
EndProject
Project("{8BC9CEB8-8B4A-11D0-8D11-00A0C91BC942}") = "Ignis", "Ignis\Ignis.vcxproj", "{315F6892-8F72-45AD-A642-4608DBD62D2D}"
EndProject
Global
	GlobalSection(SolutionConfigurationPlatforms) = preSolution
		Debug|x64 = Debug|x64
		Release|x64 = Release|x64
	EndGlobalSection
	GlobalSection(ProjectConfigurationPlatforms) = postSolution
		{315F6892-8F72-45AD-A642-4608DBD62D2D}.Debug|x64.ActiveCfg = Debug|x64
		{315F6892-8F72-45AD-A642-4608DBD62D2D}.Debug|x64.Build.0 = Debug|x64
		{315F6892-8F72-45AD-A642-4608DBD62D2D}.Release|x64.ActiveCfg = Release|x64
		{315F6892-8F72-45AD-A642-4608DBD62D2D}.Release|x64.Build.0 = Release|x64
		{02082E53-7F2A-4824-A5BD-EB8C1748B2BA}.Debug|x64.ActiveCfg = Debug|x64
		{02082E53-7F2A-4824-A5BD-EB8C1748B2BA}.Debug|x64.Build.0 = Debug|x64
		{02082E53-7F2A-4824-A5BD-EB8C1748B2BA}.Release|x64.ActiveCfg = Release|x64
		{02082E53-7F2A-4824-A5BD-EB8C1748B2BA}.Release|x64.Build.0 = Release|x64
	EndGlobalSection
	GlobalSection(SolutionProperties) = preSolution
		HideSolutionNode = FALSE
	EndGlobalSection
	GlobalSection(ExtensibilityGlobals) = postSolution
		SolutionGuid = {D6F918D9-2349-4A88-A006-AF4C65786FFD}
	EndGlobalSection
EndGlobal
